{
    "_readme": [
        "This file locks the dependencies of your project to a known state",
        "Read more about it at https://getcomposer.org/doc/01-basic-usage.md#composer-lock-the-lock-file",
        "This file is @generated automatically"
    ],
    "hash": "376db0abd535fe9e98a9b584428ec643",
    "content-hash": "307d1821a23b4283ed973d28203ef80b",
    "packages": [
        {
            "name": "evenement/evenement",
            "version": "v2.0.0",
            "source": {
                "type": "git",
                "url": "https://github.com/igorw/evenement.git",
                "reference": "f6e843799fd4f4184d54d8fc7b5b3551c9fa803e"
            },
            "dist": {
                "type": "zip",
                "url": "https://api.github.com/repos/igorw/evenement/zipball/f6e843799fd4f4184d54d8fc7b5b3551c9fa803e",
                "reference": "f6e843799fd4f4184d54d8fc7b5b3551c9fa803e",
                "shasum": ""
            },
            "require": {
                "php": ">=5.4.0"
            },
            "type": "library",
            "extra": {
                "branch-alias": {
                    "dev-master": "2.0-dev"
                }
            },
            "autoload": {
                "psr-0": {
                    "Evenement": "src"
                }
            },
            "notification-url": "https://packagist.org/downloads/",
            "license": [
                "MIT"
            ],
            "authors": [
                {
                    "name": "Igor Wiedler",
                    "email": "igor@wiedler.ch",
                    "homepage": "http://wiedler.ch/igor/"
                }
            ],
            "description": "Événement is a very simple event dispatching library for PHP",
            "keywords": [
                "event-dispatcher",
                "event-emitter"
            ],
            "time": "2012-11-02 14:49:47"
        },
        {
            "name": "monolog/monolog",
            "version": "1.21.0",
            "source": {
                "type": "git",
                "url": "https://github.com/Seldaek/monolog.git",
                "reference": "f42fbdfd53e306bda545845e4dbfd3e72edb4952"
            },
            "dist": {
                "type": "zip",
                "url": "https://api.github.com/repos/Seldaek/monolog/zipball/f42fbdfd53e306bda545845e4dbfd3e72edb4952",
                "reference": "f42fbdfd53e306bda545845e4dbfd3e72edb4952",
                "shasum": ""
            },
            "require": {
                "php": ">=5.3.0",
                "psr/log": "~1.0"
            },
            "provide": {
                "psr/log-implementation": "1.0.0"
            },
            "require-dev": {
                "aws/aws-sdk-php": "^2.4.9",
                "doctrine/couchdb": "~1.0@dev",
                "graylog2/gelf-php": "~1.0",
                "jakub-onderka/php-parallel-lint": "0.9",
                "php-amqplib/php-amqplib": "~2.4",
                "php-console/php-console": "^3.1.3",
                "phpunit/phpunit": "~4.5",
                "phpunit/phpunit-mock-objects": "2.3.0",
                "ruflin/elastica": ">=0.90 <3.0",
                "sentry/sentry": "^0.13",
                "swiftmailer/swiftmailer": "~5.3"
            },
            "suggest": {
                "aws/aws-sdk-php": "Allow sending log messages to AWS services like DynamoDB",
                "doctrine/couchdb": "Allow sending log messages to a CouchDB server",
                "ext-amqp": "Allow sending log messages to an AMQP server (1.0+ required)",
                "ext-mongo": "Allow sending log messages to a MongoDB server",
                "graylog2/gelf-php": "Allow sending log messages to a GrayLog2 server",
                "mongodb/mongodb": "Allow sending log messages to a MongoDB server via PHP Driver",
                "php-amqplib/php-amqplib": "Allow sending log messages to an AMQP server using php-amqplib",
                "php-console/php-console": "Allow sending log messages to Google Chrome",
                "rollbar/rollbar": "Allow sending log messages to Rollbar",
                "ruflin/elastica": "Allow sending log messages to an Elastic Search server",
                "sentry/sentry": "Allow sending log messages to a Sentry server"
            },
            "type": "library",
            "extra": {
                "branch-alias": {
                    "dev-master": "2.0.x-dev"
                }
            },
            "autoload": {
                "psr-4": {
                    "Monolog\\": "src/Monolog"
                }
            },
            "notification-url": "https://packagist.org/downloads/",
            "license": [
                "MIT"
            ],
            "authors": [
                {
                    "name": "Jordi Boggiano",
                    "email": "j.boggiano@seld.be",
                    "homepage": "http://seld.be"
                }
            ],
            "description": "Sends your logs to files, sockets, inboxes, databases and various web services",
            "homepage": "http://github.com/Seldaek/monolog",
            "keywords": [
                "log",
                "logging",
                "psr-3"
            ],
            "time": "2016-07-29 03:23:52"
        },
        {
            "name": "phergie/phergie-irc-bot-react",
            "version": "1.3.0",
            "source": {
                "type": "git",
                "url": "https://github.com/phergie/phergie-irc-bot-react.git",
                "reference": "ce94f71df696c7d379fcdd6c7b60aef73b8d8a78"
            },
            "dist": {
                "type": "zip",
                "url": "https://api.github.com/repos/phergie/phergie-irc-bot-react/zipball/ce94f71df696c7d379fcdd6c7b60aef73b8d8a78",
                "reference": "ce94f71df696c7d379fcdd6c7b60aef73b8d8a78",
                "shasum": ""
            },
            "require": {
                "evenement/evenement": "~2.0",
                "monolog/monolog": "~1.6",
                "phergie/phergie-irc-client-react": "~2.2",
                "phergie/phergie-irc-connection": "~2.0",
                "phergie/phergie-irc-event": "~1.0",
                "php": ">=5.4.2"
            },
            "require-dev": {
                "codeclimate/php-test-reporter": "~0.1",
                "phake/phake": "~2.0",
                "phpunit/phpunit": "~4.6",
                "satooshi/php-coveralls": "0.6.1",
                "symfony/config": "~2.0",
                "symfony/console": "~2.0",
                "symfony/filesystem": "~2.0",
                "symfony/stopwatch": "~2.0"
            },
            "bin": [
                "bin/phergie"
            ],
            "type": "library",
            "autoload": {
                "psr-4": {
                    "Phergie\\Irc\\Bot\\React\\": "src"
                }
            },
            "notification-url": "https://packagist.org/downloads/",
            "license": [
                "BSD-2-Clause"
            ],
            "description": "IRC bot built on React",
            "keywords": [
                "bot",
                "irc",
                "react"
            ],
            "time": "2015-07-16 17:22:01"
        },
        {
            "name": "phergie/phergie-irc-client-react",
            "version": "2.3.0",
            "source": {
                "type": "git",
                "url": "https://github.com/phergie/phergie-irc-client-react.git",
                "reference": "5d0cf542ca9391e515eddef3554815f80bda60ed"
            },
            "dist": {
                "type": "zip",
                "url": "https://api.github.com/repos/phergie/phergie-irc-client-react/zipball/5d0cf542ca9391e515eddef3554815f80bda60ed",
                "reference": "5d0cf542ca9391e515eddef3554815f80bda60ed",
                "shasum": ""
            },
            "require": {
                "monolog/monolog": "~1.6",
                "phergie/phergie-irc-connection": "~2.0",
                "phergie/phergie-irc-generator": "~1.5",
                "phergie/phergie-irc-parser": "~2.0",
                "php": ">=5.4.2",
                "psr/log": "~1.0",
                "react/dns": "~0.4.0",
                "react/event-loop": "~0.4.0",
                "react/promise": "~2.0",
                "react/socket-client": "~0.4.2",
                "react/stream": "~0.4.2"
            },
            "require-dev": {
                "codeclimate/php-test-reporter": "~0.1",
                "phake/phake": "~2.1",
                "phpunit/phpunit": "~4.6",
                "satooshi/php-coveralls": "0.6.1",
                "symfony/config": "~2.0",
                "symfony/console": "~2.0",
                "symfony/filesystem": "~2.0",
                "symfony/stopwatch": "~2.0"
            },
            "type": "library",
            "autoload": {
                "psr-4": {
                    "Phergie\\Irc\\Client\\React\\": "src"
                }
            },
            "notification-url": "https://packagist.org/downloads/",
            "license": [
                "BSD-2-Clause"
            ],
            "description": "IRC client library built on React",
            "keywords": [
                "client",
                "irc",
                "react"
            ],
            "time": "2015-07-16 17:05:02"
        },
        {
            "name": "phergie/phergie-irc-connection",
            "version": "2.0.0",
            "source": {
                "type": "git",
                "url": "https://github.com/phergie/phergie-irc-connection.git",
                "reference": "c5aa9188693d7ac86dc4842f4dde3d63a523f741"
            },
            "dist": {
                "type": "zip",
                "url": "https://api.github.com/repos/phergie/phergie-irc-connection/zipball/c5aa9188693d7ac86dc4842f4dde3d63a523f741",
                "reference": "c5aa9188693d7ac86dc4842f4dde3d63a523f741",
                "shasum": ""
            },
            "require": {
                "php": ">=5.4.2"
            },
            "require-dev": {
                "phpunit/phpunit": "~4.6"
            },
            "type": "library",
            "autoload": {
                "psr-4": {
                    "Phergie\\Irc\\": "src"
                }
            },
            "notification-url": "https://packagist.org/downloads/",
            "license": [
                "BSD-2-Clause"
            ],
            "description": "Data structure for containing information about an IRC client connection",
            "keywords": [
                "Connection",
                "client",
                "irc",
                "server"
            ],
            "time": "2015-05-26 15:14:31"
        },
        {
            "name": "phergie/phergie-irc-event",
            "version": "1.0.2",
            "source": {
                "type": "git",
                "url": "https://github.com/phergie/phergie-irc-event.git",
                "reference": "bccc65cd6371ed441984d23713cfbe197245b677"
            },
            "dist": {
                "type": "zip",
                "url": "https://api.github.com/repos/phergie/phergie-irc-event/zipball/bccc65cd6371ed441984d23713cfbe197245b677",
                "reference": "bccc65cd6371ed441984d23713cfbe197245b677",
                "shasum": ""
            },
            "require": {
                "phergie/phergie-irc-connection": "2.*",
                "php": ">=5.3.3"
            },
            "require-dev": {
                "phake/phake": "2.0.0-beta2",
                "phpunit/phpunit": "4.1.*"
            },
            "type": "library",
            "autoload": {
                "psr-4": {
                    "Phergie\\Irc\\Event\\": "src"
                }
            },
            "notification-url": "https://packagist.org/downloads/",
            "license": [
                "BSD-2-Clause"
            ],
            "description": "PHP data structure for IRC event information",
            "keywords": [
                "event",
                "irc"
            ],
            "time": "2015-06-09 17:45:15"
        },
        {
            "name": "phergie/phergie-irc-generator",
            "version": "1.7.0",
            "source": {
                "type": "git",
                "url": "https://github.com/phergie/phergie-irc-generator.git",
                "reference": "d333d7ea44d90dc2defe2a13699f6d4c382c0193"
            },
            "dist": {
                "type": "zip",
                "url": "https://api.github.com/repos/phergie/phergie-irc-generator/zipball/d333d7ea44d90dc2defe2a13699f6d4c382c0193",
                "reference": "d333d7ea44d90dc2defe2a13699f6d4c382c0193",
                "shasum": ""
            },
            "require": {
                "php": ">=5.3.3"
            },
            "require-dev": {
                "phpunit/phpunit": "4.1.*"
            },
            "type": "library",
            "autoload": {
                "psr-4": {
                    "Phergie\\Irc\\": "src"
                }
            },
            "notification-url": "https://packagist.org/downloads/",
            "license": [
                "BSD-2-Clause"
            ],
            "description": "Generator for messages conforming to the IRC protocol",
            "keywords": [
                "generator",
                "irc"
            ],
            "time": "2015-07-16 16:26:11"
        },
        {
            "name": "phergie/phergie-irc-parser",
            "version": "2.3.0",
            "source": {
                "type": "git",
                "url": "https://github.com/phergie/phergie-irc-parser.git",
                "reference": "2bf9e629d91276cb654e2ed270ea05030372032c"
            },
            "dist": {
                "type": "zip",
                "url": "https://api.github.com/repos/phergie/phergie-irc-parser/zipball/2bf9e629d91276cb654e2ed270ea05030372032c",
                "reference": "2bf9e629d91276cb654e2ed270ea05030372032c",
                "shasum": ""
            },
            "require": {
                "php": ">=5.5"
            },
            "require-dev": {
                "phergie/phergie-irc-bot-react-development": "~1.0.0"
            },
            "type": "library",
            "autoload": {
                "psr-4": {
                    "Phergie\\Irc\\": "src"
                }
            },
            "notification-url": "https://packagist.org/downloads/",
            "license": [
                "BSD-2-Clause"
            ],
            "description": "Parser for messages conforming to the IRC protocol",
            "keywords": [
                "irc",
                "parser"
            ],
            "time": "2016-03-07 14:49:25"
        },
        {
            "name": "psr/log",
            "version": "1.0.1",
            "source": {
                "type": "git",
                "url": "https://github.com/php-fig/log.git",
                "reference": "5277094ed527a1c4477177d102fe4c53551953e0"
            },
            "dist": {
                "type": "zip",
                "url": "https://api.github.com/repos/php-fig/log/zipball/5277094ed527a1c4477177d102fe4c53551953e0",
                "reference": "5277094ed527a1c4477177d102fe4c53551953e0",
                "shasum": ""
            },
            "require": {
                "php": ">=5.3.0"
            },
            "type": "library",
            "extra": {
                "branch-alias": {
                    "dev-master": "1.0.x-dev"
                }
            },
            "autoload": {
                "psr-4": {
                    "Psr\\Log\\": "Psr/Log/"
                }
            },
            "notification-url": "https://packagist.org/downloads/",
            "license": [
                "MIT"
            ],
            "authors": [
                {
                    "name": "PHP-FIG",
                    "homepage": "http://www.php-fig.org/"
                }
            ],
            "description": "Common interface for logging libraries",
            "homepage": "https://github.com/php-fig/log",
            "keywords": [
                "log",
                "psr",
                "psr-3"
            ],
            "time": "2016-09-19 16:02:08"
        },
        {
            "name": "react/cache",
            "version": "v0.4.1",
            "source": {
                "type": "git",
                "url": "https://github.com/reactphp/cache.git",
                "reference": "558f614891341b1d817a8cdf9a358948ec49638f"
            },
            "dist": {
                "type": "zip",
                "url": "https://api.github.com/repos/reactphp/cache/zipball/558f614891341b1d817a8cdf9a358948ec49638f",
                "reference": "558f614891341b1d817a8cdf9a358948ec49638f",
                "shasum": ""
            },
            "require": {
                "php": ">=5.3.0",
                "react/promise": "~2.0|~1.1"
            },
            "type": "library",
            "autoload": {
                "psr-4": {
                    "React\\Cache\\": "src\\"
                }
            },
            "notification-url": "https://packagist.org/downloads/",
            "license": [
                "MIT"
            ],
            "description": "Async caching.",
            "keywords": [
                "cache"
            ],
            "time": "2016-02-25 18:17:16"
        },
        {
            "name": "react/dns",
            "version": "v0.4.3",
            "source": {
                "type": "git",
                "url": "https://github.com/reactphp/dns.git",
                "reference": "751b3129556e04944f164e3556a20ca6e201e459"
            },
            "dist": {
                "type": "zip",
                "url": "https://api.github.com/repos/reactphp/dns/zipball/751b3129556e04944f164e3556a20ca6e201e459",
                "reference": "751b3129556e04944f164e3556a20ca6e201e459",
                "shasum": ""
            },
            "require": {
                "php": ">=5.3.0",
                "react/cache": "~0.4.0|~0.3.0",
                "react/promise": "~2.1|~1.2",
                "react/socket": "~0.4.0|~0.3.0"
            },
            "type": "library",
            "autoload": {
                "psr-4": {
                    "React\\Dns\\": "src"
                }
            },
            "notification-url": "https://packagist.org/downloads/",
            "license": [
                "MIT"
            ],
            "description": "Async DNS resolver.",
            "keywords": [
                "dns",
                "dns-resolver"
            ],
            "time": "2016-08-01 10:09:07"
        },
        {
            "name": "react/event-loop",
            "version": "v0.4.2",
            "source": {
                "type": "git",
                "url": "https://github.com/reactphp/event-loop.git",
                "reference": "164799f73175e1c80bba92a220ea35df6ca371dd"
            },
            "dist": {
                "type": "zip",
                "url": "https://api.github.com/repos/reactphp/event-loop/zipball/164799f73175e1c80bba92a220ea35df6ca371dd",
                "reference": "164799f73175e1c80bba92a220ea35df6ca371dd",
                "shasum": ""
            },
            "require": {
                "php": ">=5.4.0"
            },
            "suggest": {
                "ext-event": "~1.0",
                "ext-libev": "*",
                "ext-libevent": ">=0.1.0"
            },
            "type": "library",
            "extra": {
                "branch-alias": {
                    "dev-master": "0.5-dev"
                }
            },
            "autoload": {
                "psr-4": {
                    "React\\EventLoop\\": "src"
                }
            },
            "notification-url": "https://packagist.org/downloads/",
            "license": [
                "MIT"
            ],
            "description": "Event loop abstraction layer that libraries can use for evented I/O.",
            "keywords": [
                "asynchronous",
                "event-loop"
            ],
            "time": "2016-03-08 02:09:32"
        },
        {
            "name": "react/promise",
            "version": "v2.4.1",
            "source": {
                "type": "git",
                "url": "https://github.com/reactphp/promise.git",
                "reference": "8025426794f1944de806618671d4fa476dc7626f"
            },
            "dist": {
                "type": "zip",
                "url": "https://api.github.com/repos/reactphp/promise/zipball/8025426794f1944de806618671d4fa476dc7626f",
                "reference": "8025426794f1944de806618671d4fa476dc7626f",
                "shasum": ""
            },
            "require": {
                "php": ">=5.4.0"
            },
            "type": "library",
            "extra": {
                "branch-alias": {
                    "dev-master": "2.0-dev"
                }
            },
            "autoload": {
                "psr-4": {
                    "React\\Promise\\": "src/"
                },
                "files": [
                    "src/functions_include.php"
                ]
            },
            "notification-url": "https://packagist.org/downloads/",
            "license": [
                "MIT"
            ],
            "authors": [
                {
                    "name": "Jan Sorgalla",
                    "email": "jsorgalla@gmail.com"
                }
            ],
            "description": "A lightweight implementation of CommonJS Promises/A for PHP",
            "time": "2016-05-03 17:50:52"
        },
        {
            "name": "react/socket",
            "version": "v0.4.3",
            "source": {
                "type": "git",
                "url": "https://github.com/reactphp/socket.git",
                "reference": "ce015ec5879b96f5d30905f035f223aa85013fcc"
            },
            "dist": {
                "type": "zip",
                "url": "https://api.github.com/repos/reactphp/socket/zipball/ce015ec5879b96f5d30905f035f223aa85013fcc",
                "reference": "ce015ec5879b96f5d30905f035f223aa85013fcc",
                "shasum": ""
            },
            "require": {
                "evenement/evenement": "~2.0|~1.0",
                "php": ">=5.3.0",
                "react/event-loop": "0.4.*|0.3.*",
                "react/stream": "0.4.*|0.3.*"
            },
            "type": "library",
            "extra": {
                "branch-alias": {
                    "dev-master": "0.4-dev"
                }
            },
            "autoload": {
                "psr-4": {
                    "React\\Socket\\": "src"
                }
            },
            "notification-url": "https://packagist.org/downloads/",
            "license": [
                "MIT"
            ],
            "description": "Library for building an evented socket server.",
            "keywords": [
                "Socket"
            ],
            "time": "2016-03-01 20:10:35"
        },
        {
            "name": "react/socket-client",
            "version": "v0.4.5",
            "source": {
                "type": "git",
                "url": "https://github.com/reactphp/socket-client.git",
                "reference": "a25539f2cd30b4be56e35de9f96f6aa744246cc2"
            },
            "dist": {
                "type": "zip",
                "url": "https://api.github.com/repos/reactphp/socket-client/zipball/a25539f2cd30b4be56e35de9f96f6aa744246cc2",
                "reference": "a25539f2cd30b4be56e35de9f96f6aa744246cc2",
                "shasum": ""
            },
            "require": {
                "php": ">=5.4.0",
                "react/dns": "0.4.*",
                "react/event-loop": "0.4.*",
                "react/promise": "~2.0",
                "react/stream": "0.4.*"
            },
            "type": "library",
            "extra": {
                "branch-alias": {
                    "dev-master": "0.4-dev"
                }
            },
            "autoload": {
                "psr-4": {
                    "React\\SocketClient\\": "src"
                }
            },
            "notification-url": "https://packagist.org/downloads/",
            "license": [
                "MIT"
            ],
            "description": "Async connector to open TCP/IP and SSL/TLS based connections.",
            "keywords": [
                "Socket"
            ],
            "time": "2016-03-27 18:31:39"
        },
        {
            "name": "react/stream",
            "version": "v0.4.4",
            "source": {
                "type": "git",
                "url": "https://github.com/reactphp/stream.git",
                "reference": "fcc9e7cea126962cff303c90c05e2efdcec09a27"
            },
            "dist": {
                "type": "zip",
                "url": "https://api.github.com/repos/reactphp/stream/zipball/fcc9e7cea126962cff303c90c05e2efdcec09a27",
                "reference": "fcc9e7cea126962cff303c90c05e2efdcec09a27",
                "shasum": ""
            },
            "require": {
                "evenement/evenement": "^2.0|^1.0",
                "php": ">=5.3.8"
            },
            "require-dev": {
                "clue/stream-filter": "~1.2",
                "react/event-loop": "^0.4|^0.3",
                "react/promise": "^2.0|^1.0"
            },
            "suggest": {
                "react/event-loop": "^0.4",
                "react/promise": "^2.0"
            },
            "type": "library",
            "autoload": {
                "psr-4": {
                    "React\\Stream\\": "src"
                }
            },
            "notification-url": "https://packagist.org/downloads/",
            "license": [
                "MIT"
            ],
            "description": "Basic readable and writable stream interfaces that support piping.",
            "keywords": [
                "pipe",
                "stream"
            ],
            "time": "2016-08-22 09:51:07"
        }
    ],
    "packages-dev": [],
    "aliases": [],
    "minimum-stability": "stable",
    "stability-flags": [],
    "prefer-stable": false,
    "prefer-lowest": false,
    "platform": [],
    "platform-dev": []
}
